
Microsoft Visual Studio Solution File, Format Version 12.00
# Visual Studio Version 16
VisualStudioVersion = 16.0.31624.102
MinimumVisualStudioVersion = 10.0.40219.1
Project("{FAE04EC0-301F-11D3-BF4B-00C04F79EFBC}") = "Veriables", "Veriables\Veriables.csproj", "{6982B660-0A94-4F68-9E82-340AA7330B47}"
EndProject
Global
	GlobalSection(SolutionConfigurationPlatforms) = preSolution
		Debug|Any CPU = Debug|Any CPU
		Release|Any CPU = Release|Any CPU
	EndGlobalSection
	GlobalSection(ProjectConfigurationPlatforms) = postSolution
		{6982B660-0A94-4F68-9E82-340AA7330B47}.Debug|Any CPU.ActiveCfg = Debug|Any CPU
		{6982B660-0A94-4F68-9E82-340AA7330B47}.Debug|Any CPU.Build.0 = Debug|Any CPU
		{6982B660-0A94-4F68-9E82-340AA7330B47}.Release|Any CPU.ActiveCfg = Release|Any CPU
		{6982B660-0A94-4F68-9E82-340AA7330B47}.Release|Any CPU.Build.0 = Release|Any CPU
	EndGlobalSection
	GlobalSection(SolutionProperties) = preSolution
		HideSolutionNode = FALSE
	EndGlobalSection
	GlobalSection(ExtensibilityGlobals) = postSolution
		SolutionGuid = {7E94A11C-67CA-48A5-BF2F-E5B8BDFF54EB}
	EndGlobalSection
EndGlobal
